
Microsoft Visual Studio Solution File, Format Version 12.00
# Visual Studio 14
VisualStudioVersion = 14.0.25420.1
MinimumVisualStudioVersion = 10.0.40219.1
Project("{FAE04EC0-301F-11D3-BF4B-00C04F79EFBC}") = "CadnunsDev.NetIPFinder", "CadnunsDev.NetIPFinder\CadnunsDev.NetIPFinder.csproj", "{8C675233-E422-4DA4-9C8C-4E13106CAE0E}"
EndProject
Project("{FAE04EC0-301F-11D3-BF4B-00C04F79EFBC}") = "CadnunsDev.NetIpFinder.MSMQTests", "CadnunsDev.NetIpFinder.MSMQTests\CadnunsDev.NetIpFinder.MSMQTests.csproj", "{0A6D3F74-45E5-4036-9479-6BB97FB939A3}"
EndProject
Global
	GlobalSection(SolutionConfigurationPlatforms) = preSolution
		Debug|Any CPU = Debug|Any CPU
		Release|Any CPU = Release|Any CPU
	EndGlobalSection
	GlobalSection(ProjectConfigurationPlatforms) = postSolution
		{8C675233-E422-4DA4-9C8C-4E13106CAE0E}.Debug|Any CPU.ActiveCfg = Debug|Any CPU
		{8C675233-E422-4DA4-9C8C-4E13106CAE0E}.Debug|Any CPU.Build.0 = Debug|Any CPU
		{8C675233-E422-4DA4-9C8C-4E13106CAE0E}.Release|Any CPU.ActiveCfg = Release|Any CPU
		{8C675233-E422-4DA4-9C8C-4E13106CAE0E}.Release|Any CPU.Build.0 = Release|Any CPU
		{0A6D3F74-45E5-4036-9479-6BB97FB939A3}.Debug|Any CPU.ActiveCfg = Debug|Any CPU
		{0A6D3F74-45E5-4036-9479-6BB97FB939A3}.Debug|Any CPU.Build.0 = Debug|Any CPU
		{0A6D3F74-45E5-4036-9479-6BB97FB939A3}.Release|Any CPU.ActiveCfg = Release|Any CPU
		{0A6D3F74-45E5-4036-9479-6BB97FB939A3}.Release|Any CPU.Build.0 = Release|Any CPU
	EndGlobalSection
	GlobalSection(SolutionProperties) = preSolution
		HideSolutionNode = FALSE
	EndGlobalSection
EndGlobal
